
Microsoft Visual Studio Solution File, Format Version 12.00
# Visual Studio Version 16
VisualStudioVersion = 16.0.29613.14
MinimumVisualStudioVersion = 10.0.40219.1
Project("{FAE04EC0-301F-11D3-BF4B-00C04F79EFBC}") = "SunriseSunset", "SunriseSunset\SunriseSunset.csproj", "{08E37468-1FC8-48F3-B51C-FE4E8ED8C3BA}"
EndProject
Project("{FAE04EC0-301F-11D3-BF4B-00C04F79EFBC}") = "APIData", "APIData\APIData.csproj", "{F2D31580-415C-4C49-9E59-964E5C9DD14F}"
EndProject
Global
	GlobalSection(SolutionConfigurationPlatforms) = preSolution
		Debug|Any CPU = Debug|Any CPU
		Release|Any CPU = Release|Any CPU
	EndGlobalSection
	GlobalSection(ProjectConfigurationPlatforms) = postSolution
		{08E37468-1FC8-48F3-B51C-FE4E8ED8C3BA}.Debug|Any CPU.ActiveCfg = Debug|Any CPU
		{08E37468-1FC8-48F3-B51C-FE4E8ED8C3BA}.Debug|Any CPU.Build.0 = Debug|Any CPU
		{08E37468-1FC8-48F3-B51C-FE4E8ED8C3BA}.Release|Any CPU.ActiveCfg = Release|Any CPU
		{08E37468-1FC8-48F3-B51C-FE4E8ED8C3BA}.Release|Any CPU.Build.0 = Release|Any CPU
		{F2D31580-415C-4C49-9E59-964E5C9DD14F}.Debug|Any CPU.ActiveCfg = Debug|Any CPU
		{F2D31580-415C-4C49-9E59-964E5C9DD14F}.Debug|Any CPU.Build.0 = Debug|Any CPU
		{F2D31580-415C-4C49-9E59-964E5C9DD14F}.Release|Any CPU.ActiveCfg = Release|Any CPU
		{F2D31580-415C-4C49-9E59-964E5C9DD14F}.Release|Any CPU.Build.0 = Release|Any CPU
	EndGlobalSection
	GlobalSection(SolutionProperties) = preSolution
		HideSolutionNode = FALSE
	EndGlobalSection
	GlobalSection(ExtensibilityGlobals) = postSolution
		SolutionGuid = {C7117025-ABCD-476C-8682-56F5EE6A81EA}
	EndGlobalSection
EndGlobal
